{
  "name": "typescript",
  "lockfileVersion": 2,
  "requires": true,
  "packages": {
    "": {
      "dependencies": {
        "svg-builder": "^2.0.0",
        "typescript": "^4.6.4"
      },
      "devDependencies": {
        "@types/node": "^17.0.35"
      }
    },
    "node_modules/@types/node": {
      "version": "17.0.35",
      "resolved": "https://registry.npmjs.org/@types/node/-/node-17.0.35.tgz",
      "integrity": "sha512-vu1SrqBjbbZ3J6vwY17jBs8Sr/BKA+/a/WtjRG+whKg1iuLFOosq872EXS0eXWILdO36DHQQeku/ZcL6hz2fpg==",
      "dev": true
    },
    "node_modules/svg-builder": {
      "version": "2.0.0",
      "resolved": "https://registry.npmjs.org/svg-builder/-/svg-builder-2.0.0.tgz",
      "integrity": "sha512-v89FptvyrOy1Gf9KPkIo2jxroCLEZLiGBRTSutL3pzqZe2xnCFltkCLnEjV8QOEJ99PzBa9NGPGEDP9l8MWIrw=="
    },
    "node_modules/typescript": {
      "version": "4.6.4",
      "resolved": "https://registry.npmjs.org/typescript/-/typescript-4.6.4.tgz",
      "integrity": "sha512-9ia/jWHIEbo49HfjrLGfKbZSuWo9iTMwXO+Ca3pRsSpbsMbc7/IU8NKdCZVRRBafVPGnoJeFL76ZOAA84I9fEg==",
      "bin": {
        "tsc": "bin/tsc",
        "tsserver": "bin/tsserver"
      },
      "engines": {
        "node": ">=4.2.0"
      }
    }
  },
  "dependencies": {
    "@types/node": {
      "version": "17.0.35",
      "resolved": "https://registry.npmjs.org/@types/node/-/node-17.0.35.tgz",
      "integrity": "sha512-vu1SrqBjbbZ3J6vwY17jBs8Sr/BKA+/a/WtjRG+whKg1iuLFOosq872EXS0eXWILdO36DHQQeku/ZcL6hz2fpg==",
      "dev": true
    },
    "svg-builder": {
      "version": "2.0.0",
      "resolved": "https://registry.npmjs.org/svg-builder/-/svg-builder-2.0.0.tgz",
      "integrity": "sha512-v89FptvyrOy1Gf9KPkIo2jxroCLEZLiGBRTSutL3pzqZe2xnCFltkCLnEjV8QOEJ99PzBa9NGPGEDP9l8MWIrw=="
    },
    "typescript": {
      "version": "4.6.4",
      "resolved": "https://registry.npmjs.org/typescript/-/typescript-4.6.4.tgz",
      "integrity": "sha512-9ia/jWHIEbo49HfjrLGfKbZSuWo9iTMwXO+Ca3pRsSpbsMbc7/IU8NKdCZVRRBafVPGnoJeFL76ZOAA84I9fEg=="
    }
  }
}
