%{
  "ex_maybe": {:hex, :ex_maybe, "1.1.1", "95c0188191b43bd278e876ae4f0a688922e3ca016a9efd97ee7a0b741a61b899", [:mix], [], "hexpm", "1af8c78c915c7f119a513b300a1702fc5cc9fed42d54fd85995265e4c4b763d2"},
  "memo": {:hex, :memo, "1.0.2", "d6de535ac84256ace47c87cb3b801e858d49e96c0b12df2233bc9c5d3e0547e4", [:mix], [{:ex_maybe, "~> 1.0", [hex: :ex_maybe, repo: "hexpm", optional: false]}, {:result, "~> 1.1", [hex: :result, repo: "hexpm", optional: false]}], "hexpm", "eeda49438d2f6da711f1a3e3419d5602ee90a3d822ac9ffd8f9ebb39cfc28bf5"},
  "result": {:hex, :result, "1.7.2", "a57c569f7cf5c158d2299d3b5624a48b69bd1520d0771dc711bcf9f3916e8ab6", [:mix], [], "hexpm", "89f98e98cfbf64237ecf4913aa36b76b80463e087775d19953dc4b435a35f087"},
}
